Microsoft Visual Studio Solution File, Format Version 12.00
# Visual Studio 2012
Project("{FAE04EC0-301F-11D3-BF4B-00C04F79EFBC}") = "Vr World", "Vr World.csproj", "{F5922318-1A1C-4F3C-B747-FC3CBE0B9A51}"
EndProject
Global
	GlobalSection(SolutionConfigurationPlatforms) = preSolution
	Debug|Any CPU = Debug|Any CPU
	ExportDebug|Any CPU = ExportDebug|Any CPU
	ExportRelease|Any CPU = ExportRelease|Any CPU
	EndGlobalSection
	GlobalSection(ProjectConfigurationPlatforms) = postSolution
		{F5922318-1A1C-4F3C-B747-FC3CBE0B9A51}.Debug|Any CPU.ActiveCfg = Debug|Any CPU
		{F5922318-1A1C-4F3C-B747-FC3CBE0B9A51}.Debug|Any CPU.Build.0 = Debug|Any CPU
		{F5922318-1A1C-4F3C-B747-FC3CBE0B9A51}.ExportDebug|Any CPU.ActiveCfg = ExportDebug|Any CPU
		{F5922318-1A1C-4F3C-B747-FC3CBE0B9A51}.ExportDebug|Any CPU.Build.0 = ExportDebug|Any CPU
		{F5922318-1A1C-4F3C-B747-FC3CBE0B9A51}.ExportRelease|Any CPU.ActiveCfg = ExportRelease|Any CPU
		{F5922318-1A1C-4F3C-B747-FC3CBE0B9A51}.ExportRelease|Any CPU.Build.0 = ExportRelease|Any CPU
	EndGlobalSection
EndGlobal
